{
  "name": "@worker-tools/html",
  "version": "1.3.3",
  "lockfileVersion": 2,
  "requires": true,
  "packages": {
    "": {
      "name": "@worker-tools/html",
      "version": "1.3.3",
      "license": "MIT",
      "dependencies": {
        "whatwg-stream-to-async-iter": "^0.1.0"
      },
      "devDependencies": {
        "typescript": "^4.0.3"
      }
    },
    "node_modules/typescript": {
      "version": "4.0.3",
      "resolved": "https://registry.npmjs.org/typescript/-/typescript-4.0.3.tgz",
      "integrity": "sha512-tEu6DGxGgRJPb/mVPIZ48e69xCn2yRmCgYmDugAVwmJ6o+0u1RI18eO7E7WBTLYLaEVVOhwQmcdhQHweux/WPg==",
      "dev": true
    },
    "node_modules/whatwg-stream-to-async-iter": {
      "version": "0.1.0",
      "resolved": "https://registry.npmjs.org/whatwg-stream-to-async-iter/-/whatwg-stream-to-async-iter-0.1.0.tgz",
      "integrity": "sha512-UejOfpxAwJqg0GSAI4nLApghgkUYAZb/zYFXEXZWFDJIbj7YumoyIArw54+tJiVvTOzjyyka8uIl6ys6oRXOWw=="
    }
  },
  "dependencies": {
    "typescript": {
      "version": "4.0.3",
      "resolved": "https://registry.npmjs.org/typescript/-/typescript-4.0.3.tgz",
      "integrity": "sha512-tEu6DGxGgRJPb/mVPIZ48e69xCn2yRmCgYmDugAVwmJ6o+0u1RI18eO7E7WBTLYLaEVVOhwQmcdhQHweux/WPg==",
      "dev": true
    },
    "whatwg-stream-to-async-iter": {
      "version": "0.1.0",
      "resolved": "https://registry.npmjs.org/whatwg-stream-to-async-iter/-/whatwg-stream-to-async-iter-0.1.0.tgz",
      "integrity": "sha512-UejOfpxAwJqg0GSAI4nLApghgkUYAZb/zYFXEXZWFDJIbj7YumoyIArw54+tJiVvTOzjyyka8uIl6ys6oRXOWw=="
    }
  }
}
